
Microsoft Visual Studio Solution File, Format Version 12.00
# Visual Studio Version 16
VisualStudioVersion = 16.0.30204.135
MinimumVisualStudioVersion = 10.0.40219.1
Project("{9A19103F-16F7-4668-BE54-9A1E7A4F7556}") = "XML Converter", "XML Converter\XML Converter.csproj", "{A6F225D8-7515-41F1-BC8E-80F4647B5EF5}"
EndProject
Global
	GlobalSection(SolutionConfigurationPlatforms) = preSolution
		Debug|Any CPU = Debug|Any CPU
		Debug|x64 = Debug|x64
		Release|Any CPU = Release|Any CPU
		Release|x64 = Release|x64
	EndGlobalSection
	GlobalSection(ProjectConfigurationPlatforms) = postSolution
		{A6F225D8-7515-41F1-BC8E-80F4647B5EF5}.Debug|Any CPU.ActiveCfg = Debug|Any CPU
		{A6F225D8-7515-41F1-BC8E-80F4647B5EF5}.Debug|Any CPU.Build.0 = Debug|Any CPU
		{A6F225D8-7515-41F1-BC8E-80F4647B5EF5}.Debug|x64.ActiveCfg = Debug|Any CPU
		{A6F225D8-7515-41F1-BC8E-80F4647B5EF5}.Debug|x64.Build.0 = Debug|Any CPU
		{A6F225D8-7515-41F1-BC8E-80F4647B5EF5}.Release|Any CPU.ActiveCfg = Release|Any CPU
		{A6F225D8-7515-41F1-BC8E-80F4647B5EF5}.Release|Any CPU.Build.0 = Release|Any CPU
		{A6F225D8-7515-41F1-BC8E-80F4647B5EF5}.Release|x64.ActiveCfg = Release|Any CPU
		{A6F225D8-7515-41F1-BC8E-80F4647B5EF5}.Release|x64.Build.0 = Release|Any CPU
	EndGlobalSection
	GlobalSection(SolutionProperties) = preSolution
		HideSolutionNode = FALSE
	EndGlobalSection
	GlobalSection(ExtensibilityGlobals) = postSolution
		SolutionGuid = {4802E36C-174F-46C0-B490-F5905C71E4F3}
	EndGlobalSection
EndGlobal
